{
  "version": 4,
  "terraform_version": "1.16.3",
  "serial": 1,
  "lineage": "52f6db3b-c8ef-dd90-ba1a-b0c6f650464e",
  "outputs": {},
  "resources": [
    {
      "mode": "managed",
      "type": "local_file",
      "name": "storvia_info",
      "provider": "provider[\"registry.terraform.io/hashicorp/local\"]",
      "instances": [
        {
          "schema_version": 0,
          "attributes": {
            "content": "STORVIA DevOps Project\r\n\r\nApplication: Cloud Storage Platform\r\nFrontend: React + Vite\r\nBackend: Node.js + Express\r\nDatabase: MongoDB Atlas\r\nStorage: Cloudinary\r\nContainerization: Docker\r\nOrchestration: Docker Compose\r\nCI/CD: GitHub Actions\r\nInfrastructure as Code: Terraform\r\n",
            "content_base64": null,
            "content_base64sha256": "nfjTFHvLetyKm1KaN7s8L0KFzk3cIkZi/eXOpPvGvuw=",
            "content_base64sha512": "J55IFujZiuw30s8txrlyi+WN8Q4Oz+ZzagPmJ3Q8cSXVhqPRf6SnCiXfHSBKnSiuyoZd9Mui/eKoXbDy6GEf8w==",
            "content_md5": "5c3c93748de23ab4aa8eb34964612c20",
            "content_sha1": "20bd04ec3090c94f0c3593fe1b871ad19a91f2ba",
            "content_sha256": "9df8d3147bcb7adc8a9b529a37bb3c2f4285ce4ddc224662fde5cea4fbc6beec",
            "content_sha512": "279e4816e8d98aec37d2cf2dc6b9728be58df10e0ecfe6736a03e627743c7125d586a3d17fa4a70a25df1d204a9d28aeca865df4cba2fde2a85db0f2e8611ff3",
            "directory_permission": "0777",
            "file_permission": "0777",
            "filename": "./storvia-devops.txt",
            "id": "20bd04ec3090c94f0c3593fe1b871ad19a91f2ba",
            "sensitive_content": null,
            "source": null
          },
          "sensitive_attributes": [
            [
              {
                "type": "get_attr",
                "value": "sensitive_content"
              }
            ]
          ],
          "identity_schema_version": 0
        }
      ]
    }
  ],
  "check_results": null
}
